
Microsoft Visual Studio Solution File, Format Version 12.00
# Visual Studio Version 17
VisualStudioVersion = 17.0.31903.59
MinimumVisualStudioVersion = 10.0.40219.1
Project("{FAE04EC0-301F-11D3-BF4B-00C04F79EFBC}") = "BlazorComp", "BlazorComp\BlazorComp.csproj", "{91CA6F9C-8B0C-4C60-BF0F-337779EF8DCE}"
EndProject
Project("{FAE04EC0-301F-11D3-BF4B-00C04F79EFBC}") = "BlazorHybridTest", "BlazorHybridTest\BlazorHybridTest.csproj", "{A0ACC522-8916-498B-A7A7-6947F191D8B1}"
EndProject
Global
	GlobalSection(SolutionConfigurationPlatforms) = preSolution
		Debug|Any CPU = Debug|Any CPU
		Release|Any CPU = Release|Any CPU
	EndGlobalSection
	GlobalSection(SolutionProperties) = preSolution
		HideSolutionNode = FALSE
	EndGlobalSection
	GlobalSection(ProjectConfigurationPlatforms) = postSolution
		{91CA6F9C-8B0C-4C60-BF0F-337779EF8DCE}.Debug|Any CPU.ActiveCfg = Debug|Any CPU
		{91CA6F9C-8B0C-4C60-BF0F-337779EF8DCE}.Debug|Any CPU.Build.0 = Debug|Any CPU
		{91CA6F9C-8B0C-4C60-BF0F-337779EF8DCE}.Release|Any CPU.ActiveCfg = Release|Any CPU
		{91CA6F9C-8B0C-4C60-BF0F-337779EF8DCE}.Release|Any CPU.Build.0 = Release|Any CPU
		{A0ACC522-8916-498B-A7A7-6947F191D8B1}.Debug|Any CPU.ActiveCfg = Debug|Any CPU
		{A0ACC522-8916-498B-A7A7-6947F191D8B1}.Debug|Any CPU.Build.0 = Debug|Any CPU
		{A0ACC522-8916-498B-A7A7-6947F191D8B1}.Release|Any CPU.ActiveCfg = Release|Any CPU
		{A0ACC522-8916-498B-A7A7-6947F191D8B1}.Release|Any CPU.Build.0 = Release|Any CPU
	EndGlobalSection
EndGlobal
