
Microsoft Visual Studio Solution File, Format Version 12.00
# Visual Studio Version 17
VisualStudioVersion = 17.5.002.0
MinimumVisualStudioVersion = 10.0.40219.1
Project("{9A19103F-16F7-4668-BE54-9A1E7A4F7556}") = "BlazorHybridTest", "BlazorHybridTest.csproj", "{52F3C1D9-4730-48B4-803D-70211F2B4B8F}"
EndProject
Project("{9A19103F-16F7-4668-BE54-9A1E7A4F7556}") = "BlazorComp", "BlazorComp\BlazorComp.csproj", "{80A746E7-AC4D-4C40-A8EF-4BFC65EFDD8B}"
EndProject
Global
	GlobalSection(SolutionConfigurationPlatforms) = preSolution
		Debug|Any CPU = Debug|Any CPU
		Release|Any CPU = Release|Any CPU
	EndGlobalSection
	GlobalSection(ProjectConfigurationPlatforms) = postSolution
		{52F3C1D9-4730-48B4-803D-70211F2B4B8F}.Debug|Any CPU.ActiveCfg = Debug|Any CPU
		{52F3C1D9-4730-48B4-803D-70211F2B4B8F}.Debug|Any CPU.Build.0 = Debug|Any CPU
		{52F3C1D9-4730-48B4-803D-70211F2B4B8F}.Release|Any CPU.ActiveCfg = Release|Any CPU
		{52F3C1D9-4730-48B4-803D-70211F2B4B8F}.Release|Any CPU.Build.0 = Release|Any CPU
		{80A746E7-AC4D-4C40-A8EF-4BFC65EFDD8B}.Debug|Any CPU.ActiveCfg = Debug|Any CPU
		{80A746E7-AC4D-4C40-A8EF-4BFC65EFDD8B}.Debug|Any CPU.Build.0 = Debug|Any CPU
		{80A746E7-AC4D-4C40-A8EF-4BFC65EFDD8B}.Release|Any CPU.ActiveCfg = Release|Any CPU
		{80A746E7-AC4D-4C40-A8EF-4BFC65EFDD8B}.Release|Any CPU.Build.0 = Release|Any CPU
	EndGlobalSection
	GlobalSection(SolutionProperties) = preSolution
		HideSolutionNode = FALSE
	EndGlobalSection
	GlobalSection(ExtensibilityGlobals) = postSolution
		SolutionGuid = {B2607C55-637D-4D5A-A1EA-9D14E9EA0FE0}
	EndGlobalSection
EndGlobal
